
Microsoft Visual Studio Solution File, Format Version 12.00
# Visual Studio Version 16
VisualStudioVersion = 16.0.31702.278
MinimumVisualStudioVersion = 10.0.40219.1
Project("{FAE04EC0-301F-11D3-BF4B-00C04F79EFBC}") = "usue online tests", "usue online tests\usue online tests.csproj", "{14D029CC-24C6-4FD2-8DB2-65F076954224}"
EndProject
Global
	GlobalSection(SolutionConfigurationPlatforms) = preSolution
		Debug|Any CPU = Debug|Any CPU
		Release|Any CPU = Release|Any CPU
	EndGlobalSection
	GlobalSection(ProjectConfigurationPlatforms) = postSolution
		{14D029CC-24C6-4FD2-8DB2-65F076954224}.Debug|Any CPU.ActiveCfg = Debug|Any CPU
		{14D029CC-24C6-4FD2-8DB2-65F076954224}.Debug|Any CPU.Build.0 = Debug|Any CPU
		{14D029CC-24C6-4FD2-8DB2-65F076954224}.Release|Any CPU.ActiveCfg = Release|Any CPU
		{14D029CC-24C6-4FD2-8DB2-65F076954224}.Release|Any CPU.Build.0 = Release|Any CPU
	EndGlobalSection
	GlobalSection(SolutionProperties) = preSolution
		HideSolutionNode = FALSE
	EndGlobalSection
	GlobalSection(ExtensibilityGlobals) = postSolution
		SolutionGuid = {81085C67-4127-4D60-AF77-C2DF0CB8185A}
	EndGlobalSection
EndGlobal
